
Microsoft Visual Studio Solution File, Format Version 12.00
# Visual Studio Version 16
VisualStudioVersion = 16.0.28922.388
MinimumVisualStudioVersion = 10.0.40219.1
Project("{FAE04EC0-301F-11D3-BF4B-00C04F79EFBC}") = "DarwinCoreUtility", "DarwinCoreUtility\DarwinCoreUtility.csproj", "{11A06D38-F463-4C71-9020-D07FF71C68A7}"
EndProject
Global
	GlobalSection(SolutionConfigurationPlatforms) = preSolution
		Debug|Any CPU = Debug|Any CPU
		Debug|x64 = Debug|x64
		Release|Any CPU = Release|Any CPU
		Release|x64 = Release|x64
	EndGlobalSection
	GlobalSection(ProjectConfigurationPlatforms) = postSolution
		{11A06D38-F463-4C71-9020-D07FF71C68A7}.Debug|Any CPU.ActiveCfg = Debug|Any CPU
		{11A06D38-F463-4C71-9020-D07FF71C68A7}.Debug|Any CPU.Build.0 = Debug|Any CPU
		{11A06D38-F463-4C71-9020-D07FF71C68A7}.Debug|x64.ActiveCfg = Debug|x64
		{11A06D38-F463-4C71-9020-D07FF71C68A7}.Debug|x64.Build.0 = Debug|x64
		{11A06D38-F463-4C71-9020-D07FF71C68A7}.Release|Any CPU.ActiveCfg = Release|Any CPU
		{11A06D38-F463-4C71-9020-D07FF71C68A7}.Release|Any CPU.Build.0 = Release|Any CPU
		{11A06D38-F463-4C71-9020-D07FF71C68A7}.Release|x64.ActiveCfg = Release|x64
		{11A06D38-F463-4C71-9020-D07FF71C68A7}.Release|x64.Build.0 = Release|x64
	EndGlobalSection
	GlobalSection(SolutionProperties) = preSolution
		HideSolutionNode = FALSE
	EndGlobalSection
	GlobalSection(ExtensibilityGlobals) = postSolution
		SolutionGuid = {88015AAF-3E61-4F65-BE31-398398A2273F}
	EndGlobalSection
EndGlobal
